
Microsoft Visual Studio Solution File, Format Version 12.00
# Visual Studio Version 17
VisualStudioVersion = 17.4.33213.308
MinimumVisualStudioVersion = 10.0.40219.1
Project("{FAE04EC0-301F-11D3-BF4B-00C04F79EFBC}") = "login_bitacora", "login_bitacora\login_bitacora.csproj", "{3EFF5FAC-5EFC-45E4-9940-E3C04647F4CE}"
EndProject
Global
	GlobalSection(SolutionConfigurationPlatforms) = preSolution
		Debug|Any CPU = Debug|Any CPU
		Release|Any CPU = Release|Any CPU
	EndGlobalSection
	GlobalSection(ProjectConfigurationPlatforms) = postSolution
		{3EFF5FAC-5EFC-45E4-9940-E3C04647F4CE}.Debug|Any CPU.ActiveCfg = Debug|Any CPU
		{3EFF5FAC-5EFC-45E4-9940-E3C04647F4CE}.Debug|Any CPU.Build.0 = Debug|Any CPU
		{3EFF5FAC-5EFC-45E4-9940-E3C04647F4CE}.Release|Any CPU.ActiveCfg = Release|Any CPU
		{3EFF5FAC-5EFC-45E4-9940-E3C04647F4CE}.Release|Any CPU.Build.0 = Release|Any CPU
	EndGlobalSection
	GlobalSection(SolutionProperties) = preSolution
		HideSolutionNode = FALSE
	EndGlobalSection
	GlobalSection(ExtensibilityGlobals) = postSolution
		SolutionGuid = {692787B2-2F33-43B9-BD16-2CD6796E26C5}
	EndGlobalSection
EndGlobal
